// !$*UTF8*$!
{
	archiveVersion = 1;
	classes = {
	};
	objectVersion = 56;
	objects = {

/* Begin PBXBuildFile section */
		D0D0D0D0D0D0D0D0D0D0D001 /* main.swift in Sources */ = {isa = PBXBuildFile; fileRef = B0B0B0B0B0B0B0B0B0B0B001 /* main.swift */; };
		D0D0D0D0D0D0D0D0D0D0D002 /* AppDelegate.swift in Sources */ = {isa = PBXBuildFile; fileRef = B0B0B0B0B0B0B0B0B0B0B002 /* AppDelegate.swift */; };
		D0D0D0D0D0D0D0D0D0D0D003 /* AudioDeviceManager.swift in Sources */ = {isa = PBXBuildFile; fileRef = B0B0B0B0B0B0B0B0B0B0B003 /* AudioDeviceManager.swift */; };
		D0D0D0D0D0D0D0D0D0D0D004 /* AudioPlayer.swift in Sources */ = {isa = PBXBuildFile; fileRef = B0B0B0B0B0B0B0B0B0B0B004 /* AudioPlayer.swift */; };
		D0D0D0D0D0D0D0D0D0D0D005 /* MenuBarController.swift in Sources */ = {isa = PBXBuildFile; fileRef = B0B0B0B0B0B0B0B0B0B0B005 /* MenuBarController.swift */; };
		D0D0D0D0D0D0D0D0D0D0D006 /* ManageSoundsWindowController.swift in Sources */ = {isa = PBXBuildFile; fileRef = B0B0B0B0B0B0B0B0B0B0B008 /* ManageSoundsWindowController.swift */; };
		E0E0E0E0E0E0E0E0E0E0E001 /* AppKit.framework in Frameworks */ = {isa = PBXBuildFile; fileRef = C0C0C0C0C0C0C0C0C0C0C001 /* AppKit.framework */; };
		E0E0E0E0E0E0E0E0E0E0E002 /* AVFoundation.framework in Frameworks */ = {isa = PBXBuildFile; fileRef = C0C0C0C0C0C0C0C0C0C0C002 /* AVFoundation.framework */; };
		E0E0E0E0E0E0E0E0E0E0E003 /* CoreAudio.framework in Frameworks */ = {isa = PBXBuildFile; fileRef = C0C0C0C0C0C0C0C0C0C0C003 /* CoreAudio.framework */; };
		E0E0E0E0E0E0E0E0E0E0E004 /* UserNotifications.framework in Frameworks */ = {isa = PBXBuildFile; fileRef = C0C0C0C0C0C0C0C0C0C0C004 /* UserNotifications.framework */; };
/* End PBXBuildFile section */

/* Begin PBXFileReference section */
		B0B0B0B0B0B0B0B0B0B0B001 /* main.swift */ = {isa = PBXFileReference; lastKnownFileType = sourcecode.swift; path = main.swift; sourceTree = "<group>"; };
		B0B0B0B0B0B0B0B0B0B0B002 /* AppDelegate.swift */ = {isa = PBXFileReference; lastKnownFileType = sourcecode.swift; path = AppDelegate.swift; sourceTree = "<group>"; };
		B0B0B0B0B0B0B0B0B0B0B003 /* AudioDeviceManager.swift */ = {isa = PBXFileReference; lastKnownFileType = sourcecode.swift; path = AudioDeviceManager.swift; sourceTree = "<group>"; };
		B0B0B0B0B0B0B0B0B0B0B004 /* AudioPlayer.swift */ = {isa = PBXFileReference; lastKnownFileType = sourcecode.swift; path = AudioPlayer.swift; sourceTree = "<group>"; };
		B0B0B0B0B0B0B0B0B0B0B005 /* MenuBarController.swift */ = {isa = PBXFileReference; lastKnownFileType = sourcecode.swift; path = MenuBarController.swift; sourceTree = "<group>"; };
		B0B0B0B0B0B0B0B0B0B0B006 /* Info.plist */ = {isa = PBXFileReference; lastKnownFileType = text.plist.xml; path = Info.plist; sourceTree = "<group>"; };
		B0B0B0B0B0B0B0B0B0B0B007 /* BirdAway.app */ = {isa = PBXFileReference; explicitFileType = wrapper.application; includeInIndex = 0; path = BirdAway.app; sourceTree = BUILT_PRODUCTS_DIR; };
		B0B0B0B0B0B0B0B0B0B0B008 /* ManageSoundsWindowController.swift */ = {isa = PBXFileReference; lastKnownFileType = sourcecode.swift; path = ManageSoundsWindowController.swift; sourceTree = "<group>"; };
		C0C0C0C0C0C0C0C0C0C0C001 /* AppKit.framework */ = {isa = PBXFileReference; lastKnownFileType = wrapper.framework; name = AppKit.framework; path = System/Library/Frameworks/AppKit.framework; sourceTree = SDKROOT; };
		C0C0C0C0C0C0C0C0C0C0C002 /* AVFoundation.framework */ = {isa = PBXFileReference; lastKnownFileType = wrapper.framework; name = AVFoundation.framework; path = System/Library/Frameworks/AVFoundation.framework; sourceTree = SDKROOT; };
		C0C0C0C0C0C0C0C0C0C0C003 /* CoreAudio.framework */ = {isa = PBXFileReference; lastKnownFileType = wrapper.framework; name = CoreAudio.framework; path = System/Library/Frameworks/CoreAudio.framework; sourceTree = SDKROOT; };
		C0C0C0C0C0C0C0C0C0C0C004 /* UserNotifications.framework */ = {isa = PBXFileReference; lastKnownFileType = wrapper.framework; name = UserNotifications.framework; path = System/Library/Frameworks/UserNotifications.framework; sourceTree = SDKROOT; };
/* End PBXFileReference section */

/* Begin PBXFrameworksBuildPhase section */
		F0F0F0F0F0F0F0F0F0F0F002 /* Frameworks */ = {
			isa = PBXFrameworksBuildPhase;
			buildActionMask = 2147483647;
			files = (
				E0E0E0E0E0E0E0E0E0E0E001 /* AppKit.framework in Frameworks */,
				E0E0E0E0E0E0E0E0E0E0E002 /* AVFoundation.framework in Frameworks */,
				E0E0E0E0E0E0E0E0E0E0E003 /* CoreAudio.framework in Frameworks */,
				E0E0E0E0E0E0E0E0E0E0E004 /* UserNotifications.framework in Frameworks */,
			);
			runOnlyForDeploymentPostprocessing = 0;
		};
/* End PBXFrameworksBuildPhase section */

/* Begin PBXGroup section */
		A0A0A0A0A0A0A0A0A0A0A003 /* (root) */ = {
			isa = PBXGroup;
			children = (
				A0A0A0A0A0A0A0A0A0A0A006 /* BirdAway */,
				A0A0A0A0A0A0A0A0A0A0A005 /* Frameworks */,
				A0A0A0A0A0A0A0A0A0A0A004 /* Products */,
			);
			sourceTree = "<group>";
		};
		A0A0A0A0A0A0A0A0A0A0A004 /* Products */ = {
			isa = PBXGroup;
			children = (
				B0B0B0B0B0B0B0B0B0B0B007 /* BirdAway.app */,
			);
			name = Products;
			sourceTree = "<group>";
		};
		A0A0A0A0A0A0A0A0A0A0A005 /* Frameworks */ = {
			isa = PBXGroup;
			children = (
				C0C0C0C0C0C0C0C0C0C0C001 /* AppKit.framework */,
				C0C0C0C0C0C0C0C0C0C0C002 /* AVFoundation.framework */,
				C0C0C0C0C0C0C0C0C0C0C003 /* CoreAudio.framework */,
				C0C0C0C0C0C0C0C0C0C0C004 /* UserNotifications.framework */,
			);
			name = Frameworks;
			sourceTree = "<group>";
		};
		A0A0A0A0A0A0A0A0A0A0A006 /* BirdAway */ = {
			isa = PBXGroup;
			children = (
				B0B0B0B0B0B0B0B0B0B0B001 /* main.swift */,
				B0B0B0B0B0B0B0B0B0B0B002 /* AppDelegate.swift */,
				B0B0B0B0B0B0B0B0B0B0B003 /* AudioDeviceManager.swift */,
				B0B0B0B0B0B0B0B0B0B0B004 /* AudioPlayer.swift */,
				B0B0B0B0B0B0B0B0B0B0B005 /* MenuBarController.swift */,
				B0B0B0B0B0B0B0B0B0B0B008 /* ManageSoundsWindowController.swift */,
				B0B0B0B0B0B0B0B0B0B0B006 /* Info.plist */,
			);
			path = BirdAway;
			sourceTree = "<group>";
		};
/* End PBXGroup section */

/* Begin PBXNativeTarget section */
		A0A0A0A0A0A0A0A0A0A0A002 /* BirdAway */ = {
			isa = PBXNativeTarget;
			buildConfigurationList = 2020202020202020202020B2 /* Build configuration list for PBXNativeTarget "BirdAway" */;
			buildPhases = (
				F0F0F0F0F0F0F0F0F0F0F001 /* Sources */,
				F0F0F0F0F0F0F0F0F0F0F002 /* Frameworks */,
				F0F0F0F0F0F0F0F0F0F0F003 /* Resources */,
			);
			buildRules = (
			);
			dependencies = (
			);
			name = BirdAway;
			productName = BirdAway;
			productReference = B0B0B0B0B0B0B0B0B0B0B007 /* BirdAway.app */;
			productType = "com.apple.product-type.application";
		};
/* End PBXNativeTarget section */

/* Begin PBXProject section */
		A0A0A0A0A0A0A0A0A0A0A001 /* Project object */ = {
			isa = PBXProject;
			attributes = {
				BuildIndependentTargetsInParallel = 1;
				LastSwiftUpdateCheck = 1500;
				LastUpgradeCheck = 1500;
				TargetAttributes = {
					A0A0A0A0A0A0A0A0A0A0A002 = {
						CreatedOnToolsVersion = 15.0;
					};
				};
			};
			buildConfigurationList = 2020202020202020202020B1 /* Build configuration list for PBXProject "BirdAway" */;
			compatibilityVersion = "Xcode 14.0";
			developmentRegion = en;
			hasScannedForEncodings = 0;
			knownRegions = (
				en,
				Base,
			);
			mainGroup = A0A0A0A0A0A0A0A0A0A0A003;
			productRefGroup = A0A0A0A0A0A0A0A0A0A0A004 /* Products */;
			projectDirPath = "";
			projectRoot = "";
			targets = (
				A0A0A0A0A0A0A0A0A0A0A002 /* BirdAway */,
			);
		};
/* End PBXProject section */

/* Begin PBXResourcesBuildPhase section */
		F0F0F0F0F0F0F0F0F0F0F003 /* Resources */ = {
			isa = PBXResourcesBuildPhase;
			buildActionMask = 2147483647;
			files = (
			);
			runOnlyForDeploymentPostprocessing = 0;
		};
/* End PBXResourcesBuildPhase section */

/* Begin PBXSourcesBuildPhase section */
		F0F0F0F0F0F0F0F0F0F0F001 /* Sources */ = {
			isa = PBXSourcesBuildPhase;
			buildActionMask = 2147483647;
			files = (
				D0D0D0D0D0D0D0D0D0D0D001 /* main.swift in Sources */,
				D0D0D0D0D0D0D0D0D0D0D002 /* AppDelegate.swift in Sources */,
				D0D0D0D0D0D0D0D0D0D0D003 /* AudioDeviceManager.swift in Sources */,
				D0D0D0D0D0D0D0D0D0D0D004 /* AudioPlayer.swift in Sources */,
				D0D0D0D0D0D0D0D0D0D0D005 /* MenuBarController.swift in Sources */,
				D0D0D0D0D0D0D0D0D0D0D006 /* ManageSoundsWindowController.swift in Sources */,
			);
			runOnlyForDeploymentPostprocessing = 0;
		};
/* End PBXSourcesBuildPhase section */

/* Begin XCBuildConfiguration section */
		1010101010101010101010A1 /* Debug */ = {
			isa = XCBuildConfiguration;
			buildSettings = {
				ALWAYS_SEARCH_USER_PATHS = NO;
				CLANG_ENABLE_MODULES = YES;
				CLANG_ENABLE_OBJC_ARC = YES;
				CLANG_WARN_BOOL_CONVERSION = YES;
				CLANG_WARN_CONSTANT_CONVERSION = YES;
				CLANG_WARN_DEPRECATED_OBJC_IMPLEMENTATIONS = YES;
				CLANG_WARN_DIRECT_OBJC_ISA_USAGE = YES_ERROR;
				CLANG_WARN_EMPTY_BODY = YES;
				CLANG_WARN_ENUM_CONVERSION = YES;
				CLANG_WARN_INT_CONVERSION = YES;
				CLANG_WARN_OBJC_ROOT_CLASS = YES_ERROR;
				CLANG_WARN_UNREACHABLE_CODE = YES;
				COPY_PHASE_STRIP = NO;
				DEBUG_INFORMATION_FORMAT = dwarf;
				ENABLE_STRICT_OBJC_MSGSEND = YES;
				ENABLE_TESTABILITY = YES;
				GCC_NO_COMMON_BLOCKS = YES;
				GCC_OPTIMIZATION_LEVEL = 0;
				GCC_PREPROCESSOR_DEFINITIONS = (
					"DEBUG=1",
					"$(inherited)",
				);
				GCC_WARN_64_TO_32_BIT_CONVERSION = YES;
				GCC_WARN_ABOUT_RETURN_TYPE = YES_ERROR;
				GCC_WARN_UNINITIALIZED_AUTOS = YES_AGGRESSIVE;
				GCC_WARN_UNUSED_FUNCTION = YES;
				GCC_WARN_UNUSED_VARIABLE = YES;
				MACOSX_DEPLOYMENT_TARGET = 12.0;
				ONLY_ACTIVE_ARCH = YES;
				SDKROOT = macosx;
				SWIFT_ACTIVE_COMPILATION_CONDITIONS = DEBUG;
				SWIFT_OPTIMIZATION_LEVEL = "-Onone";
			};
			name = Debug;
		};
		1010101010101010101010A2 /* Release */ = {
			isa = XCBuildConfiguration;
			buildSettings = {
				ALWAYS_SEARCH_USER_PATHS = NO;
				CLANG_ENABLE_MODULES = YES;
				CLANG_ENABLE_OBJC_ARC = YES;
				CLANG_WARN_BOOL_CONVERSION = YES;
				CLANG_WARN_CONSTANT_CONVERSION = YES;
				CLANG_WARN_DEPRECATED_OBJC_IMPLEMENTATIONS = YES;
				CLANG_WARN_DIRECT_OBJC_ISA_USAGE = YES_ERROR;
				CLANG_WARN_EMPTY_BODY = YES;
				CLANG_WARN_ENUM_CONVERSION = YES;
				CLANG_WARN_INT_CONVERSION = YES;
				CLANG_WARN_OBJC_ROOT_CLASS = YES_ERROR;
				CLANG_WARN_UNREACHABLE_CODE = YES;
				COPY_PHASE_STRIP = NO;
				DEBUG_INFORMATION_FORMAT = "dwarf-with-dsym";
				ENABLE_NS_ASSERTIONS = NO;
				ENABLE_STRICT_OBJC_MSGSEND = YES;
				GCC_NO_COMMON_BLOCKS = YES;
				GCC_WARN_64_TO_32_BIT_CONVERSION = YES;
				GCC_WARN_ABOUT_RETURN_TYPE = YES_ERROR;
				GCC_WARN_UNINITIALIZED_AUTOS = YES_AGGRESSIVE;
				GCC_WARN_UNUSED_FUNCTION = YES;
				GCC_WARN_UNUSED_VARIABLE = YES;
				MACOSX_DEPLOYMENT_TARGET = 12.0;
				SDKROOT = macosx;
				SWIFT_COMPILATION_MODE = wholemodule;
				SWIFT_OPTIMIZATION_LEVEL = "-O";
			};
			name = Release;
		};
		1010101010101010101010A3 /* Debug */ = {
			isa = XCBuildConfiguration;
			buildSettings = {
				CODE_SIGN_STYLE = Automatic;
				CURRENT_PROJECT_VERSION = 1;
				INFOPLIST_FILE = BirdAway/Info.plist;
				LD_RUNPATH_SEARCH_PATHS = (
					"$(inherited)",
					"@executable_path/../Frameworks",
				);
				MARKETING_VERSION = 1.0;
				PRODUCT_BUNDLE_IDENTIFIER = "com.example.BirdAway";
				PRODUCT_NAME = "$(TARGET_NAME)";
				SWIFT_EMIT_LOC_STRINGS = YES;
				SWIFT_VERSION = 5.0;
			};
			name = Debug;
		};
		1010101010101010101010A4 /* Release */ = {
			isa = XCBuildConfiguration;
			buildSettings = {
				CODE_SIGN_STYLE = Automatic;
				CURRENT_PROJECT_VERSION = 1;
				INFOPLIST_FILE = BirdAway/Info.plist;
				LD_RUNPATH_SEARCH_PATHS = (
					"$(inherited)",
					"@executable_path/../Frameworks",
				);
				MARKETING_VERSION = 1.0;
				PRODUCT_BUNDLE_IDENTIFIER = "com.example.BirdAway";
				PRODUCT_NAME = "$(TARGET_NAME)";
				SWIFT_EMIT_LOC_STRINGS = YES;
				SWIFT_VERSION = 5.0;
			};
			name = Release;
		};
/* End XCBuildConfiguration section */

/* Begin XCConfigurationList section */
		2020202020202020202020B1 /* Build configuration list for PBXProject "BirdAway" */ = {
			isa = XCConfigurationList;
			buildConfigurations = (
				1010101010101010101010A1 /* Debug */,
				1010101010101010101010A2 /* Release */,
			);
			defaultConfigurationIsVisible = 0;
			defaultConfigurationName = Release;
		};
		2020202020202020202020B2 /* Build configuration list for PBXNativeTarget "BirdAway" */ = {
			isa = XCConfigurationList;
			buildConfigurations = (
				1010101010101010101010A3 /* Debug */,
				1010101010101010101010A4 /* Release */,
			);
			defaultConfigurationIsVisible = 0;
			defaultConfigurationName = Release;
		};
/* End XCConfigurationList section */

	};
	rootObject = A0A0A0A0A0A0A0A0A0A0A001 /* Project object */;
}
